
Microsoft Visual Studio Solution File, Format Version 12.00
# Visual Studio 15
VisualStudioVersion = 15.0.26730.12
MinimumVisualStudioVersion = 10.0.40219.1
Project("{2150E333-8FDC-42A3-9474-1A3956D46DE8}") = "2.0 API", "2.0 API", "{F2407211-6043-439C-8E06-3641634332E7}"
EndProject
Project("{9A19103F-16F7-4668-BE54-9A1E7A4F7556}") = "WerewolvesTemplate", ",", "{4D27CF5D-5F4D-42BB-A4FC-9C31422F5744}"
EndProject
Project("{9A19103F-16F7-4668-BE54-9A1E7A4F7556}") = "WerewolvesTemplate", "WerewolvesTemplate\WerewolvesTemplate.csproj", "{03BFB5FC-BA1A-4948-AE3C-AB711FBCE345}"
EndProject
Global
	GlobalSection(SolutionConfigurationPlatforms) = preSolution
		Debug|Any CPU = Debug|Any CPU
		Release|Any CPU = Release|Any CPU
	EndGlobalSection
	GlobalSection(ProjectConfigurationPlatforms) = postSolution
		{4D27CF5D-5F4D-42BB-A4FC-9C31422F5744}.Debug|Any CPU.ActiveCfg = Debug|Any CPU
		{4D27CF5D-5F4D-42BB-A4FC-9C31422F5744}.Debug|Any CPU.Build.0 = Debug|Any CPU
		{4D27CF5D-5F4D-42BB-A4FC-9C31422F5744}.Release|Any CPU.ActiveCfg = Release|Any CPU
		{4D27CF5D-5F4D-42BB-A4FC-9C31422F5744}.Release|Any CPU.Build.0 = Release|Any CPU
		{03BFB5FC-BA1A-4948-AE3C-AB711FBCE345}.Debug|Any CPU.ActiveCfg = Debug|Any CPU
		{03BFB5FC-BA1A-4948-AE3C-AB711FBCE345}.Debug|Any CPU.Build.0 = Debug|Any CPU
		{03BFB5FC-BA1A-4948-AE3C-AB711FBCE345}.Release|Any CPU.ActiveCfg = Release|Any CPU
		{03BFB5FC-BA1A-4948-AE3C-AB711FBCE345}.Release|Any CPU.Build.0 = Release|Any CPU
	EndGlobalSection
	GlobalSection(SolutionProperties) = preSolution
		HideSolutionNode = FALSE
	EndGlobalSection
	GlobalSection(NestedProjects) = preSolution
		{4D27CF5D-5F4D-42BB-A4FC-9C31422F5744} = {F2407211-6043-439C-8E06-3641634332E7}
		{03BFB5FC-BA1A-4948-AE3C-AB711FBCE345} = {F2407211-6043-439C-8E06-3641634332E7}
	EndGlobalSection
	GlobalSection(ExtensibilityGlobals) = postSolution
		SolutionGuid = {811E61C5-3871-4633-AFAE-B35B619C8A10}
	EndGlobalSection
EndGlobal
